// !$*UTF8*$!
{
	archiveVersion = 1;
	classes = {
	};
	objectVersion = 46;
	objects = {

/* Begin PBXBuildFile section */
		372664C01DED6C5500F9779B /* main.m in Sources */ = {isa = PBXBuildFile; fileRef = 372664BF1DED6C5500F9779B /* main.m */; };
		372664C31DED6C5500F9779B /* AppDelegate.m in Sources */ = {isa = PBXBuildFile; fileRef = 372664C21DED6C5500F9779B /* AppDelegate.m */; };
		372664C61DED6C5500F9779B /* ViewController.m in Sources */ = {isa = PBXBuildFile; fileRef = 372664C51DED6C5500F9779B /* ViewController.m */; };
		372664C91DED6C5500F9779B /* Main.storyboard in Resources */ = {isa = PBXBuildFile; fileRef = 372664C71DED6C5500F9779B /* Main.storyboard */; };
		372664CB1DED6C5500F9779B /* Assets.xcassets in Resources */ = {isa = PBXBuildFile; fileRef = 372664CA1DED6C5500F9779B /* Assets.xcassets */; };
		372664CE1DED6C5500F9779B /* LaunchScreen.storyboard in Resources */ = {isa = PBXBuildFile; fileRef = 372664CC1DED6C5500F9779B /* LaunchScreen.storyboard */; };
		372664D81DED6D1F00F9779B /* KeyboardToolBar.m in Sources */ = {isa = PBXBuildFile; fileRef = 372664D71DED6D1F00F9779B /* KeyboardToolBar.m */; };
/* End PBXBuildFile section */

/* Begin PBXFileReference section */
		372664BB1DED6C5500F9779B /* KeyboardToolBar.app */ = {isa = PBXFileReference; explicitFileType = wrapper.application; includeInIndex = 0; path = KeyboardToolBar.app; sourceTree = BUILT_PRODUCTS_DIR; };
		372664BF1DED6C5500F9779B /* main.m */ = {isa = PBXFileReference; lastKnownFileType = sourcecode.c.objc; path = main.m; sourceTree = "<group>"; };
		372664C11DED6C5500F9779B /* AppDelegate.h */ = {isa = PBXFileReference; lastKnownFileType = sourcecode.c.h; path = AppDelegate.h; sourceTree = "<group>"; };
		372664C21DED6C5500F9779B /* AppDelegate.m */ = {isa = PBXFileReference; lastKnownFileType = sourcecode.c.objc; path = AppDelegate.m; sourceTree = "<group>"; };
		372664C41DED6C5500F9779B /* ViewController.h */ = {isa = PBXFileReference; lastKnownFileType = sourcecode.c.h; path = ViewController.h; sourceTree = "<group>"; };
		372664C51DED6C5500F9779B /* ViewController.m */ = {isa = PBXFileReference; lastKnownFileType = sourcecode.c.objc; path = ViewController.m; sourceTree = "<group>"; };
		372664C81DED6C5500F9779B /* Base */ = {isa = PBXFileReference; lastKnownFileType = file.storyboard; name = Base; path = Base.lproj/Main.storyboard; sourceTree = "<group>"; };
		372664CA1DED6C5500F9779B /* Assets.xcassets */ = {isa = PBXFileReference; lastKnownFileType = folder.assetcatalog; path = Assets.xcassets; sourceTree = "<group>"; };
		372664CD1DED6C5500F9779B /* Base */ = {isa = PBXFileReference; lastKnownFileType = file.storyboard; name = Base; path = Base.lproj/LaunchScreen.storyboard; sourceTree = "<group>"; };
		372664CF1DED6C5600F9779B /* Info.plist */ = {isa = PBXFileReference; lastKnownFileType = text.plist.xml; path = Info.plist; sourceTree = "<group>"; };
		372664D61DED6D1F00F9779B /* KeyboardToolBar.h */ = {isa = PBXFileReference; fileEncoding = 4; lastKnownFileType = sourcecode.c.h; path = KeyboardToolBar.h; sourceTree = "<group>"; };
		372664D71DED6D1F00F9779B /* KeyboardToolBar.m */ = {isa = PBXFileReference; fileEncoding = 4; lastKnownFileType = sourcecode.c.objc; path = KeyboardToolBar.m; sourceTree = "<group>"; };
/* End PBXFileReference section */

/* Begin PBXFrameworksBuildPhase section */
		372664B81DED6C5500F9779B /* Frameworks */ = {
			isa = PBXFrameworksBuildPhase;
			buildActionMask = 2147483647;
			files = (
			);
			runOnlyForDeploymentPostprocessing = 0;
		};
/* End PBXFrameworksBuildPhase section */

/* Begin PBXGroup section */
		372664B21DED6C5500F9779B = {
			isa = PBXGroup;
			children = (
				372664BD1DED6C5500F9779B /* KeyboardToolBar */,
				372664BC1DED6C5500F9779B /* Products */,
			);
			sourceTree = "<group>";
		};
		372664BC1DED6C5500F9779B /* Products */ = {
			isa = PBXGroup;
			children = (
				372664BB1DED6C5500F9779B /* KeyboardToolBar.app */,
			);
			name = Products;
			sourceTree = "<group>";
		};
		372664BD1DED6C5500F9779B /* KeyboardToolBar */ = {
			isa = PBXGroup;
			children = (
				372664D51DED6D1F00F9779B /* KeyboardToolBar */,
				372664C11DED6C5500F9779B /* AppDelegate.h */,
				372664C21DED6C5500F9779B /* AppDelegate.m */,
				372664C41DED6C5500F9779B /* ViewController.h */,
				372664C51DED6C5500F9779B /* ViewController.m */,
				372664C71DED6C5500F9779B /* Main.storyboard */,
				372664CA1DED6C5500F9779B /* Assets.xcassets */,
				372664CC1DED6C5500F9779B /* LaunchScreen.storyboard */,
				372664CF1DED6C5600F9779B /* Info.plist */,
				372664BE1DED6C5500F9779B /* Supporting Files */,
			);
			path = KeyboardToolBar;
			sourceTree = "<group>";
		};
		372664BE1DED6C5500F9779B /* Supporting Files */ = {
			isa = PBXGroup;
			children = (
				372664BF1DED6C5500F9779B /* main.m */,
			);
			name = "Supporting Files";
			sourceTree = "<group>";
		};
		372664D51DED6D1F00F9779B /* KeyboardToolBar */ = {
			isa = PBXGroup;
			children = (
				372664D61DED6D1F00F9779B /* KeyboardToolBar.h */,
				372664D71DED6D1F00F9779B /* KeyboardToolBar.m */,
			);
			path = KeyboardToolBar;
			sourceTree = "<group>";
		};
/* End PBXGroup section */

/* Begin PBXNativeTarget section */
		372664BA1DED6C5500F9779B /* KeyboardToolBar */ = {
			isa = PBXNativeTarget;
			buildConfigurationList = 372664D21DED6C5600F9779B /* Build configuration list for PBXNativeTarget "KeyboardToolBar" */;
			buildPhases = (
				372664B71DED6C5500F9779B /* Sources */,
				372664B81DED6C5500F9779B /* Frameworks */,
				372664B91DED6C5500F9779B /* Resources */,
			);
			buildRules = (
			);
			dependencies = (
			);
			name = KeyboardToolBar;
			productName = KeyboardToolBar;
			productReference = 372664BB1DED6C5500F9779B /* KeyboardToolBar.app */;
			productType = "com.apple.product-type.application";
		};
/* End PBXNativeTarget section */

/* Begin PBXProject section */
		372664B31DED6C5500F9779B /* Project object */ = {
			isa = PBXProject;
			attributes = {
				LastUpgradeCheck = 0800;
				ORGANIZATIONNAME = Berton;
				TargetAttributes = {
					372664BA1DED6C5500F9779B = {
						CreatedOnToolsVersion = 8.0;
						ProvisioningStyle = Automatic;
					};
				};
			};
			buildConfigurationList = 372664B61DED6C5500F9779B /* Build configuration list for PBXProject "KeyboardToolBar" */;
			compatibilityVersion = "Xcode 3.2";
			developmentRegion = English;
			hasScannedForEncodings = 0;
			knownRegions = (
				en,
				Base,
			);
			mainGroup = 372664B21DED6C5500F9779B;
			productRefGroup = 372664BC1DED6C5500F9779B /* Products */;
			projectDirPath = "";
			projectRoot = "";
			targets = (
				372664BA1DED6C5500F9779B /* KeyboardToolBar */,
			);
		};
/* End PBXProject section */

/* Begin PBXResourcesBuildPhase section */
		372664B91DED6C5500F9779B /* Resources */ = {
			isa = PBXResourcesBuildPhase;
			buildActionMask = 2147483647;
			files = (
				372664CE1DED6C5500F9779B /* LaunchScreen.storyboard in Resources */,
				372664CB1DED6C5500F9779B /* Assets.xcassets in Resources */,
				372664C91DED6C5500F9779B /* Main.storyboard in Resources */,
			);
			runOnlyForDeploymentPostprocessing = 0;
		};
/* End PBXResourcesBuildPhase section */

/* Begin PBXSourcesBuildPhase section */
		372664B71DED6C5500F9779B /* Sources */ = {
			isa = PBXSourcesBuildPhase;
			buildActionMask = 2147483647;
			files = (
				372664D81DED6D1F00F9779B /* KeyboardToolBar.m in Sources */,
				372664C61DED6C5500F9779B /* ViewController.m in Sources */,
				372664C31DED6C5500F9779B /* AppDelegate.m in Sources */,
				372664C01DED6C5500F9779B /* main.m in Sources */,
			);
			runOnlyForDeploymentPostprocessing = 0;
		};
/* End PBXSourcesBuildPhase section */

/* Begin PBXVariantGroup section */
		372664C71DED6C5500F9779B /* Main.storyboard */ = {
			isa = PBXVariantGroup;
			children = (
				372664C81DED6C5500F9779B /* Base */,
			);
			name = Main.storyboard;
			sourceTree = "<group>";
		};
		372664CC1DED6C5500F9779B /* LaunchScreen.storyboard */ = {
			isa = PBXVariantGroup;
			children = (
				372664CD1DED6C5500F9779B /* Base */,
			);
			name = LaunchScreen.storyboard;
			sourceTree = "<group>";
		};
/* End PBXVariantGroup section */

/* Begin XCBuildConfiguration section */
		372664D01DED6C5600F9779B /* Debug */ = {
			isa = XCBuildConfiguration;
			buildSettings = {
				ALWAYS_SEARCH_USER_PATHS = NO;
				CLANG_ANALYZER_NONNULL = YES;
				CLANG_CXX_LANGUAGE_STANDARD = "gnu++0x";
				CLANG_CXX_LIBRARY = "libc++";
				CLANG_ENABLE_MODULES = YES;
				CLANG_ENABLE_OBJC_ARC = YES;
				CLANG_WARN_BOOL_CONVERSION = YES;
				CLANG_WARN_CONSTANT_CONVERSION = YES;
				CLANG_WARN_DIRECT_OBJC_ISA_USAGE = YES_ERROR;
				CLANG_WARN_DOCUMENTATION_COMMENTS = YES;
				CLANG_WARN_EMPTY_BODY = YES;
				CLANG_WARN_ENUM_CONVERSION = YES;
				CLANG_WARN_INFINITE_RECURSION = YES;
				CLANG_WARN_INT_CONVERSION = YES;
				CLANG_WARN_OBJC_ROOT_CLASS = YES_ERROR;
				CLANG_WARN_SUSPICIOUS_MOVES = YES;
				CLANG_WARN_UNREACHABLE_CODE = YES;
				CLANG_WARN__DUPLICATE_METHOD_MATCH = YES;
				"CODE_SIGN_IDENTITY[sdk=iphoneos*]" = "iPhone Developer";
				COPY_PHASE_STRIP = NO;
				DEBUG_INFORMATION_FORMAT = dwarf;
				ENABLE_STRICT_OBJC_MSGSEND = YES;
				ENABLE_TESTABILITY = YES;
				GCC_C_LANGUAGE_STANDARD = gnu99;
				GCC_DYNAMIC_NO_PIC = NO;
				GCC_NO_COMMON_BLOCKS = YES;
				GCC_OPTIMIZATION_LEVEL = 0;
				GCC_PREPROCESSOR_DEFINITIONS = (
					"DEBUG=1",
					"$(inherited)",
				);
				GCC_WARN_64_TO_32_BIT_CONVERSION = YES;
				GCC_WARN_ABOUT_RETURN_TYPE = YES_ERROR;
				GCC_WARN_UNDECLARED_SELECTOR = YES;
				GCC_WARN_UNINITIALIZED_AUTOS = YES_AGGRESSIVE;
				GCC_WARN_UNUSED_FUNCTION = YES;
				GCC_WARN_UNUSED_VARIABLE = YES;
				IPHONEOS_DEPLOYMENT_TARGET = 10.0;
				MTL_ENABLE_DEBUG_INFO = YES;
				ONLY_ACTIVE_ARCH = YES;
				SDKROOT = iphoneos;
				TARGETED_DEVICE_FAMILY = "1,2";
			};
			name = Debug;
		};
		372664D11DED6C5600F9779B /* Release */ = {
			isa = XCBuildConfiguration;
			buildSettings = {
				ALWAYS_SEARCH_USER_PATHS = NO;
				CLANG_ANALYZER_NONNULL = YES;
				CLANG_CXX_LANGUAGE_STANDARD = "gnu++0x";
				CLANG_CXX_LIBRARY = "libc++";
				CLANG_ENABLE_MODULES = YES;
				CLANG_ENABLE_OBJC_ARC = YES;
				CLANG_WARN_BOOL_CONVERSION = YES;
				CLANG_WARN_CONSTANT_CONVERSION = YES;
				CLANG_WARN_DIRECT_OBJC_ISA_USAGE = YES_ERROR;
				CLANG_WARN_DOCUMENTATION_COMMENTS = YES;
				CLANG_WARN_EMPTY_BODY = YES;
				CLANG_WARN_ENUM_CONVERSION = YES;
				CLANG_WARN_INFINITE_RECURSION = YES;
				CLANG_WARN_INT_CONVERSION = YES;
				CLANG_WARN_OBJC_ROOT_CLASS = YES_ERROR;
				CLANG_WARN_SUSPICIOUS_MOVES = YES;
				CLANG_WARN_UNREACHABLE_CODE = YES;
				CLANG_WARN__DUPLICATE_METHOD_MATCH = YES;
				"CODE_SIGN_IDENTITY[sdk=iphoneos*]" = "iPhone Developer";
				COPY_PHASE_STRIP = NO;
				DEBUG_INFORMATION_FORMAT = "dwarf-with-dsym";
				ENABLE_NS_ASSERTIONS = NO;
				ENABLE_STRICT_OBJC_MSGSEND = YES;
				GCC_C_LANGUAGE_STANDARD = gnu99;
				GCC_NO_COMMON_BLOCKS = YES;
				GCC_WARN_64_TO_32_BIT_CONVERSION = YES;
				GCC_WARN_ABOUT_RETURN_TYPE = YES_ERROR;
				GCC_WARN_UNDECLARED_SELECTOR = YES;
				GCC_WARN_UNINITIALIZED_AUTOS = YES_AGGRESSIVE;
				GCC_WARN_UNUSED_FUNCTION = YES;
				GCC_WARN_UNUSED_VARIABLE = YES;
				IPHONEOS_DEPLOYMENT_TARGET = 10.0;
				MTL_ENABLE_DEBUG_INFO = NO;
				SDKROOT = iphoneos;
				TARGETED_DEVICE_FAMILY = "1,2";
				VALIDATE_PRODUCT = YES;
			};
			name = Release;
		};
		372664D31DED6C5600F9779B /* Debug */ = {
			isa = XCBuildConfiguration;
			buildSettings = {
				ASSETCATALOG_COMPILER_APPICON_NAME = AppIcon;
				INFOPLIST_FILE = KeyboardToolBar/Info.plist;
				LD_RUNPATH_SEARCH_PATHS = "$(inherited) @executable_path/Frameworks";
				PRODUCT_BUNDLE_IDENTIFIER = com.PJ.ApplePay.KeyboardToolBar;
				PRODUCT_NAME = "$(TARGET_NAME)";
			};
			name = Debug;
		};
		372664D41DED6C5600F9779B /* Release */ = {
			isa = XCBuildConfiguration;
			buildSettings = {
				ASSETCATALOG_COMPILER_APPICON_NAME = AppIcon;
				INFOPLIST_FILE = KeyboardToolBar/Info.plist;
				LD_RUNPATH_SEARCH_PATHS = "$(inherited) @executable_path/Frameworks";
				PRODUCT_BUNDLE_IDENTIFIER = com.PJ.ApplePay.KeyboardToolBar;
				PRODUCT_NAME = "$(TARGET_NAME)";
			};
			name = Release;
		};
/* End XCBuildConfiguration section */

/* Begin XCConfigurationList section */
		372664B61DED6C5500F9779B /* Build configuration list for PBXProject "KeyboardToolBar" */ = {
			isa = XCConfigurationList;
			buildConfigurations = (
				372664D01DED6C5600F9779B /* Debug */,
				372664D11DED6C5600F9779B /* Release */,
			);
			defaultConfigurationIsVisible = 0;
			defaultConfigurationName = Release;
		};
		372664D21DED6C5600F9779B /* Build configuration list for PBXNativeTarget "KeyboardToolBar" */ = {
			isa = XCConfigurationList;
			buildConfigurations = (
				372664D31DED6C5600F9779B /* Debug */,
				372664D41DED6C5600F9779B /* Release */,
			);
			defaultConfigurationIsVisible = 0;
		};
/* End XCConfigurationList section */
	};
	rootObject = 372664B31DED6C5500F9779B /* Project object */;
}
